{
  "originHash" : "cf8a70a4e97c41a104ca3af04936c84e6d1d4165b6fe49a0292662ed399c7d11",
  "pins" : [
    {
      "identity" : "combine-store",
      "kind" : "remoteSourceControl",
      "location" : "https://github.com/silkodenis/combine-store.git",
      "state" : {
        "branch" : "main",
        "revision" : "3556497a19fcc8a6122152ee1e09946d663d7b88"
      }
    },
    {
      "identity" : "swift-combine-networking",
      "kind" : "remoteSourceControl",
      "location" : "https://github.com/silkodenis/swift-combine-networking.git",
      "state" : {
        "branch" : "main",
        "revision" : "ea2cd94a27ee1a061b2acbc9d83f5d9c2a830503"
      }
    },
    {
      "identity" : "swiftui-navigation-coordinator",
      "kind" : "remoteSourceControl",
      "location" : "https://github.com/silkodenis/swiftui-navigation-coordinator.git",
      "state" : {
        "branch" : "main",
        "revision" : "0094ed80fdac0386b2b8fa0093288fcd119f1beb"
      }
    }
  ],
  "version" : 3
}
