{
  "originHash" : "dc40710d9dce5d5acdd2b07e624da70e3f133ad2ebefd4a8214843594bd7d36f",
  "pins" : [
    {
      "identity" : "swift-combine-networking",
      "kind" : "remoteSourceControl",
      "location" : "https://github.com/silkodenis/swift-combine-networking.git",
      "state" : {
        "branch" : "main",
        "revision" : "ea2cd94a27ee1a061b2acbc9d83f5d9c2a830503"
      }
    },
    {
      "identity" : "swift-combine-store",
      "kind" : "remoteSourceControl",
      "location" : "https://github.com/silkodenis/swift-combine-store.git",
      "state" : {
        "branch" : "main",
        "revision" : "3556497a19fcc8a6122152ee1e09946d663d7b88"
      }
    },
    {
      "identity" : "swiftui-navigation-coordinator",
      "kind" : "remoteSourceControl",
      "location" : "https://github.com/silkodenis/swiftui-navigation-coordinator.git",
      "state" : {
        "branch" : "main",
        "revision" : "0094ed80fdac0386b2b8fa0093288fcd119f1beb"
      }
    }
  ],
  "version" : 3
}
